// !$*UTF8*$!
{
	archiveVersion = 1;
	classes = {
	};
	objectVersion = 56;
	objects = {

/* Begin PBXBuildFile section */
		BB200000000000000000001A /* LensApp.swift in Sources */ = {isa = PBXBuildFile; fileRef = BB100000000000000000001A /* LensApp.swift */; };
		BB200000000000000000002A /* AppDelegate.swift in Sources */ = {isa = PBXBuildFile; fileRef = BB100000000000000000002A /* AppDelegate.swift */; };
		BB200000000000000000003A /* SummaryFeature.swift in Sources */ = {isa = PBXBuildFile; fileRef = BB100000000000000000003A /* SummaryFeature.swift */; };
		BB200000000000000000004A /* SummaryView.swift in Sources */ = {isa = PBXBuildFile; fileRef = BB100000000000000000004A /* SummaryView.swift */; };
		BB200000000000000000005A /* SettingsFeature.swift in Sources */ = {isa = PBXBuildFile; fileRef = BB100000000000000000005A /* SettingsFeature.swift */; };
		BB200000000000000000006A /* SettingsView.swift in Sources */ = {isa = PBXBuildFile; fileRef = BB100000000000000000006A /* SettingsView.swift */; };
		BB200000000000000000007A /* HotkeyManager.swift in Sources */ = {isa = PBXBuildFile; fileRef = BB100000000000000000007A /* HotkeyManager.swift */; };
		BB200000000000000000008A /* TextExtractor.swift in Sources */ = {isa = PBXBuildFile; fileRef = BB100000000000000000008A /* TextExtractor.swift */; };
		BB200000000000000000009A /* LLMClient.swift in Sources */ = {isa = PBXBuildFile; fileRef = BB100000000000000000009A /* LLMClient.swift */; };
		BB20000000000000000000AA /* PanelManager.swift in Sources */ = {isa = PBXBuildFile; fileRef = BB10000000000000000000AA /* PanelManager.swift */; };
		BB20000000000000000000CA /* Assets.xcassets in Resources */ = {isa = PBXBuildFile; fileRef = BB10000000000000000000CA /* Assets.xcassets */; };
		BB700000000000000000003A /* ComposableArchitecture in Frameworks */ = {isa = PBXBuildFile; productRef = BB700000000000000000002A /* ComposableArchitecture */; };
/* End PBXBuildFile section */

/* Begin PBXFileReference section */
		BB000000000000000000002A /* Lens.app */ = {isa = PBXFileReference; explicitFileType = wrapper.application; includeInIndex = 0; path = Lens.app; sourceTree = BUILT_PRODUCTS_DIR; };
		BB100000000000000000001A /* LensApp.swift */ = {isa = PBXFileReference; lastKnownFileType = sourcecode.swift; path = LensApp.swift; sourceTree = "<group>"; };
		BB100000000000000000002A /* AppDelegate.swift */ = {isa = PBXFileReference; lastKnownFileType = sourcecode.swift; path = AppDelegate.swift; sourceTree = "<group>"; };
		BB100000000000000000003A /* SummaryFeature.swift */ = {isa = PBXFileReference; lastKnownFileType = sourcecode.swift; path = SummaryFeature.swift; sourceTree = "<group>"; };
		BB100000000000000000004A /* SummaryView.swift */ = {isa = PBXFileReference; lastKnownFileType = sourcecode.swift; path = SummaryView.swift; sourceTree = "<group>"; };
		BB100000000000000000005A /* SettingsFeature.swift */ = {isa = PBXFileReference; lastKnownFileType = sourcecode.swift; path = SettingsFeature.swift; sourceTree = "<group>"; };
		BB100000000000000000006A /* SettingsView.swift */ = {isa = PBXFileReference; lastKnownFileType = sourcecode.swift; path = SettingsView.swift; sourceTree = "<group>"; };
		BB100000000000000000007A /* HotkeyManager.swift */ = {isa = PBXFileReference; lastKnownFileType = sourcecode.swift; path = HotkeyManager.swift; sourceTree = "<group>"; };
		BB100000000000000000008A /* TextExtractor.swift */ = {isa = PBXFileReference; lastKnownFileType = sourcecode.swift; path = TextExtractor.swift; sourceTree = "<group>"; };
		BB100000000000000000009A /* LLMClient.swift */ = {isa = PBXFileReference; lastKnownFileType = sourcecode.swift; path = LLMClient.swift; sourceTree = "<group>"; };
		BB10000000000000000000AA /* PanelManager.swift */ = {isa = PBXFileReference; lastKnownFileType = sourcecode.swift; path = PanelManager.swift; sourceTree = "<group>"; };
		BB10000000000000000000BA /* Info.plist */ = {isa = PBXFileReference; lastKnownFileType = text.plist.xml; path = Info.plist; sourceTree = "<group>"; };
		BB10000000000000000000CA /* Assets.xcassets */ = {isa = PBXFileReference; lastKnownFileType = folder.assetcatalog; path = Assets.xcassets; sourceTree = "<group>"; };
		BB10000000000000000000DA /* Lens.entitlements */ = {isa = PBXFileReference; lastKnownFileType = text.plist.entitlements; path = Lens.entitlements; sourceTree = "<group>"; };
/* End PBXFileReference section */

/* Begin PBXFrameworksBuildPhase section */
		BB400000000000000000003A /* Frameworks */ = {
			isa = PBXFrameworksBuildPhase;
			buildActionMask = 2147483647;
			files = (
				BB700000000000000000003A /* ComposableArchitecture in Frameworks */,
			);
			runOnlyForDeploymentPostprocessing = 0;
		};
/* End PBXFrameworksBuildPhase section */

/* Begin PBXGroup section */
		BB000000000000000000003A = {
			isa = PBXGroup;
			children = (
				BB300000000000000000001A /* Lens */,
				BB000000000000000000004A /* Products */,
			);
			sourceTree = "<group>";
		};
		BB000000000000000000004A /* Products */ = {
			isa = PBXGroup;
			children = (
				BB000000000000000000002A /* Lens.app */,
			);
			name = Products;
			sourceTree = "<group>";
		};
		BB300000000000000000001A /* Lens */ = {
			isa = PBXGroup;
			children = (
				BB300000000000000000002A /* App */,
				BB300000000000000000003A /* Features */,
				BB300000000000000000006A /* Core */,
				BB300000000000000000007A /* Resources */,
				BB10000000000000000000BA /* Info.plist */,
				BB10000000000000000000DA /* Lens.entitlements */,
			);
			path = Lens;
			sourceTree = "<group>";
		};
		BB300000000000000000002A /* App */ = {
			isa = PBXGroup;
			children = (
				BB100000000000000000001A /* LensApp.swift */,
				BB100000000000000000002A /* AppDelegate.swift */,
			);
			path = App;
			sourceTree = "<group>";
		};
		BB300000000000000000003A /* Features */ = {
			isa = PBXGroup;
			children = (
				BB300000000000000000004A /* Summary */,
				BB300000000000000000005A /* Settings */,
			);
			path = Features;
			sourceTree = "<group>";
		};
		BB300000000000000000004A /* Summary */ = {
			isa = PBXGroup;
			children = (
				BB100000000000000000003A /* SummaryFeature.swift */,
				BB100000000000000000004A /* SummaryView.swift */,
			);
			path = Summary;
			sourceTree = "<group>";
		};
		BB300000000000000000005A /* Settings */ = {
			isa = PBXGroup;
			children = (
				BB100000000000000000005A /* SettingsFeature.swift */,
				BB100000000000000000006A /* SettingsView.swift */,
			);
			path = Settings;
			sourceTree = "<group>";
		};
		BB300000000000000000006A /* Core */ = {
			isa = PBXGroup;
			children = (
				BB100000000000000000007A /* HotkeyManager.swift */,
				BB100000000000000000008A /* TextExtractor.swift */,
				BB100000000000000000009A /* LLMClient.swift */,
				BB10000000000000000000AA /* PanelManager.swift */,
			);
			path = Core;
			sourceTree = "<group>";
		};
		BB300000000000000000007A /* Resources */ = {
			isa = PBXGroup;
			children = (
				BB10000000000000000000CA /* Assets.xcassets */,
			);
			path = Resources;
			sourceTree = "<group>";
		};
/* End PBXGroup section */

/* Begin PBXNativeTarget section */
		BB500000000000000000001A /* Lens */ = {
			isa = PBXNativeTarget;
			buildConfigurationList = BB600000000000000000006A /* Build configuration list for PBXNativeTarget "Lens" */;
			buildPhases = (
				BB400000000000000000001A /* Sources */,
				BB400000000000000000002A /* Resources */,
				BB400000000000000000003A /* Frameworks */,
			);
			buildRules = (
			);
			dependencies = (
			);
			name = Lens;
			packageProductDependencies = (
				BB700000000000000000002A /* ComposableArchitecture */,
			);
			productName = Lens;
			productReference = BB000000000000000000002A /* Lens.app */;
			productType = "com.apple.product-type.application";
		};
/* End PBXNativeTarget section */

/* Begin PBXProject section */
		BB000000000000000000001A /* Project object */ = {
			isa = PBXProject;
			attributes = {
				BuildIndependentTargetsInParallel = 1;
				LastSwiftUpdateCheck = 1530;
				LastUpgradeCheck = 1530;
				TargetAttributes = {
					BB500000000000000000001A = {
						CreatedOnToolsVersion = 15.3;
					};
				};
			};
			buildConfigurationList = BB600000000000000000005A /* Build configuration list for PBXProject "Lens" */;
			compatibilityVersion = "Xcode 14.0";
			developmentRegion = en;
			hasScannedForEncodings = 0;
			knownRegions = (
				en,
				Base,
			);
			mainGroup = BB000000000000000000003A;
			packageReferences = (
				BB700000000000000000001A /* XCRemoteSwiftPackageReference "swift-composable-architecture" */,
			);
			productRefGroup = BB000000000000000000004A /* Products */;
			projectDirPath = "";
			projectRoot = "";
			targets = (
				BB500000000000000000001A /* Lens */,
			);
		};
/* End PBXProject section */

/* Begin PBXResourcesBuildPhase section */
		BB400000000000000000002A /* Resources */ = {
			isa = PBXResourcesBuildPhase;
			buildActionMask = 2147483647;
			files = (
				BB20000000000000000000CA /* Assets.xcassets in Resources */,
			);
			runOnlyForDeploymentPostprocessing = 0;
		};
/* End PBXResourcesBuildPhase section */

/* Begin PBXSourcesBuildPhase section */
		BB400000000000000000001A /* Sources */ = {
			isa = PBXSourcesBuildPhase;
			buildActionMask = 2147483647;
			files = (
				BB200000000000000000001A /* LensApp.swift in Sources */,
				BB200000000000000000002A /* AppDelegate.swift in Sources */,
				BB200000000000000000003A /* SummaryFeature.swift in Sources */,
				BB200000000000000000004A /* SummaryView.swift in Sources */,
				BB200000000000000000005A /* SettingsFeature.swift in Sources */,
				BB200000000000000000006A /* SettingsView.swift in Sources */,
				BB200000000000000000007A /* HotkeyManager.swift in Sources */,
				BB200000000000000000008A /* TextExtractor.swift in Sources */,
				BB200000000000000000009A /* LLMClient.swift in Sources */,
				BB20000000000000000000AA /* PanelManager.swift in Sources */,
			);
			runOnlyForDeploymentPostprocessing = 0;
		};
/* End PBXSourcesBuildPhase section */

/* Begin XCBuildConfiguration section */
		BB600000000000000000001A /* Debug */ = {
			isa = XCBuildConfiguration;
			buildSettings = {
				ALWAYS_SEARCH_USER_PATHS = NO;
				CLANG_ANALYZER_NONNULL = YES;
				CLANG_ANALYZER_NUMBER_OBJECT_CONVERSION = YES_AGGRESSIVE;
				CLANG_CXX_LANGUAGE_STANDARD = "gnu++20";
				CLANG_ENABLE_MODULES = YES;
				CLANG_ENABLE_OBJC_ARC = YES;
				CLANG_ENABLE_OBJC_WEAK = YES;
				CLANG_WARN_BLOCK_CAPTURE_AUTORELEASING = YES;
				CLANG_WARN_BOOL_CONVERSION = YES;
				CLANG_WARN_COMMA = YES;
				CLANG_WARN_CONSTANT_CONVERSION = YES;
				CLANG_WARN_DEPRECATED_OBJC_IMPLEMENTATIONS = YES;
				CLANG_WARN_DIRECT_OBJC_ISA_USAGE = YES_ERROR;
				CLANG_WARN_DOCUMENTATION_COMMENTS = YES;
				CLANG_WARN_EMPTY_BODY = YES;
				CLANG_WARN_ENUM_CONVERSION = YES;
				CLANG_WARN_INFINITE_RECURSION = YES;
				CLANG_WARN_INT_CONVERSION = YES;
				CLANG_WARN_NON_LITERAL_NULL_CONVERSION = YES;
				CLANG_WARN_OBJC_IMPLICIT_RETAIN_SELF = YES;
				CLANG_WARN_OBJC_LITERAL_CONVERSION = YES;
				CLANG_WARN_OBJC_ROOT_CLASS = YES_ERROR;
				CLANG_WARN_RANGE_LOOP_ANALYSIS = YES;
				CLANG_WARN_STRICT_PROTOTYPES = YES;
				CLANG_WARN_SUSPICIOUS_MOVE = YES;
				CLANG_WARN_UNGUARDED_AVAILABILITY = YES_AGGRESSIVE;
				CLANG_WARN_UNREACHABLE_CODE = YES;
				CLANG_WARN__DUPLICATE_METHOD_MATCH = YES;
				COPY_PHASE_STRIP = NO;
				DEBUG_INFORMATION_FORMAT = dwarf;
				ENABLE_STRICT_OBJC_MSGSEND = YES;
				ENABLE_TESTABILITY = YES;
				GCC_C_LANGUAGE_STANDARD = gnu17;
				GCC_DYNAMIC_NO_PIC = NO;
				GCC_NO_COMMON_BLOCKS = YES;
				GCC_OPTIMIZATION_LEVEL = 0;
				GCC_PREPROCESSOR_DEFINITIONS = (
					"DEBUG=1",
					"$(inherited)",
				);
				GCC_WARN_64_TO_32_BIT_CONVERSION = YES;
				GCC_WARN_ABOUT_RETURN_TYPE = YES_ERROR;
				GCC_WARN_UNDECLARED_SELECTOR = YES;
				GCC_WARN_UNINITIALIZED_AUTOS = YES_AGGRESSIVE;
				GCC_WARN_UNUSED_FUNCTION = YES;
				GCC_WARN_UNUSED_VARIABLE = YES;
				MACOSX_DEPLOYMENT_TARGET = 14.0;
				MTL_ENABLE_DEBUG_INFO = INCLUDE_SOURCE;
				MTL_FAST_MATH = YES;
				ONLY_ACTIVE_ARCH = YES;
				SDKROOT = macosx;
				SWIFT_ACTIVE_COMPILATION_CONDITIONS = "DEBUG $(inherited)";
				SWIFT_OPTIMIZATION_LEVEL = "-Onone";
			};
			name = Debug;
		};
		BB600000000000000000002A /* Release */ = {
			isa = XCBuildConfiguration;
			buildSettings = {
				ALWAYS_SEARCH_USER_PATHS = NO;
				CLANG_ANALYZER_NONNULL = YES;
				CLANG_ANALYZER_NUMBER_OBJECT_CONVERSION = YES_AGGRESSIVE;
				CLANG_CXX_LANGUAGE_STANDARD = "gnu++20";
				CLANG_ENABLE_MODULES = YES;
				CLANG_ENABLE_OBJC_ARC = YES;
				CLANG_ENABLE_OBJC_WEAK = YES;
				CLANG_WARN_BLOCK_CAPTURE_AUTORELEASING = YES;
				CLANG_WARN_BOOL_CONVERSION = YES;
				CLANG_WARN_COMMA = YES;
				CLANG_WARN_CONSTANT_CONVERSION = YES;
				CLANG_WARN_DEPRECATED_OBJC_IMPLEMENTATIONS = YES;
				CLANG_WARN_DIRECT_OBJC_ISA_USAGE = YES_ERROR;
				CLANG_WARN_DOCUMENTATION_COMMENTS = YES;
				CLANG_WARN_EMPTY_BODY = YES;
				CLANG_WARN_ENUM_CONVERSION = YES;
				CLANG_WARN_INFINITE_RECURSION = YES;
				CLANG_WARN_INT_CONVERSION = YES;
				CLANG_WARN_NON_LITERAL_NULL_CONVERSION = YES;
				CLANG_WARN_OBJC_IMPLICIT_RETAIN_SELF = YES;
				CLANG_WARN_OBJC_LITERAL_CONVERSION = YES;
				CLANG_WARN_OBJC_ROOT_CLASS = YES_ERROR;
				CLANG_WARN_RANGE_LOOP_ANALYSIS = YES;
				CLANG_WARN_STRICT_PROTOTYPES = YES;
				CLANG_WARN_SUSPICIOUS_MOVE = YES;
				CLANG_WARN_UNGUARDED_AVAILABILITY = YES_AGGRESSIVE;
				CLANG_WARN_UNREACHABLE_CODE = YES;
				CLANG_WARN__DUPLICATE_METHOD_MATCH = YES;
				COPY_PHASE_STRIP = NO;
				DEBUG_INFORMATION_FORMAT = "dwarf-with-dsym";
				ENABLE_NS_ASSERTIONS = NO;
				ENABLE_STRICT_OBJC_MSGSEND = YES;
				GCC_C_LANGUAGE_STANDARD = gnu17;
				GCC_NO_COMMON_BLOCKS = YES;
				GCC_WARN_64_TO_32_BIT_CONVERSION = YES;
				GCC_WARN_ABOUT_RETURN_TYPE = YES_ERROR;
				GCC_WARN_UNDECLARED_SELECTOR = YES;
				GCC_WARN_UNINITIALIZED_AUTOS = YES_AGGRESSIVE;
				GCC_WARN_UNUSED_FUNCTION = YES;
				GCC_WARN_UNUSED_VARIABLE = YES;
				MACOSX_DEPLOYMENT_TARGET = 14.0;
				MTL_FAST_MATH = YES;
				SDKROOT = macosx;
				SWIFT_COMPILATION_MODE = wholemodule;
			};
			name = Release;
		};
		BB600000000000000000003A /* Debug */ = {
			isa = XCBuildConfiguration;
			buildSettings = {
				ASSETCATALOG_COMPILER_APPICON_NAME = AppIcon;
				ASSETCATALOG_COMPILER_GLOBAL_ACCENT_COLOR_NAME = AccentColor;
				AUTOMATION_APPLE_EVENTS = NO;
				CODE_SIGN_ENTITLEMENTS = Lens/Lens.entitlements;
				CODE_SIGN_STYLE = Automatic;
				COMBINE_HIDPI_IMAGES = YES;
				CURRENT_PROJECT_VERSION = 1;
				DEVELOPMENT_TEAM = 9ZSB39X4TW;
				ENABLE_HARDENED_RUNTIME = YES;
				ENABLE_RESOURCE_ACCESS_AUDIO_INPUT = NO;
				ENABLE_RESOURCE_ACCESS_CALENDARS = NO;
				ENABLE_RESOURCE_ACCESS_CAMERA = NO;
				ENABLE_RESOURCE_ACCESS_CONTACTS = NO;
				ENABLE_RESOURCE_ACCESS_LOCATION = NO;
				ENABLE_RESOURCE_ACCESS_PHOTO_LIBRARY = NO;
				GENERATE_INFOPLIST_FILE = NO;
				INFOPLIST_FILE = Lens/Info.plist;
				LD_RUNPATH_SEARCH_PATHS = (
					"$(inherited)",
					"@executable_path/../Frameworks",
				);
				MARKETING_VERSION = 1.0;
				PRODUCT_BUNDLE_IDENTIFIER = com.andreasklumpp.Lens;
				PRODUCT_NAME = "$(TARGET_NAME)";
				RUNTIME_EXCEPTION_ALLOW_DYLD_ENVIRONMENT_VARIABLES = NO;
				RUNTIME_EXCEPTION_ALLOW_JIT = NO;
				RUNTIME_EXCEPTION_ALLOW_UNSIGNED_EXECUTABLE_MEMORY = NO;
				RUNTIME_EXCEPTION_DEBUGGING_TOOL = NO;
				RUNTIME_EXCEPTION_DISABLE_EXECUTABLE_PAGE_PROTECTION = NO;
				RUNTIME_EXCEPTION_DISABLE_LIBRARY_VALIDATION = NO;
				SWIFT_EMIT_LOC_STRINGS = YES;
				SWIFT_VERSION = 5.0;
			};
			name = Debug;
		};
		BB600000000000000000004A /* Release */ = {
			isa = XCBuildConfiguration;
			buildSettings = {
				ASSETCATALOG_COMPILER_APPICON_NAME = AppIcon;
				ASSETCATALOG_COMPILER_GLOBAL_ACCENT_COLOR_NAME = AccentColor;
				AUTOMATION_APPLE_EVENTS = NO;
				CODE_SIGN_ENTITLEMENTS = Lens/Lens.entitlements;
				CODE_SIGN_STYLE = Automatic;
				COMBINE_HIDPI_IMAGES = YES;
				CURRENT_PROJECT_VERSION = 1;
				DEVELOPMENT_TEAM = 9ZSB39X4TW;
				ENABLE_HARDENED_RUNTIME = YES;
				ENABLE_RESOURCE_ACCESS_AUDIO_INPUT = NO;
				ENABLE_RESOURCE_ACCESS_CALENDARS = NO;
				ENABLE_RESOURCE_ACCESS_CAMERA = NO;
				ENABLE_RESOURCE_ACCESS_CONTACTS = NO;
				ENABLE_RESOURCE_ACCESS_LOCATION = NO;
				ENABLE_RESOURCE_ACCESS_PHOTO_LIBRARY = NO;
				GENERATE_INFOPLIST_FILE = NO;
				INFOPLIST_FILE = Lens/Info.plist;
				LD_RUNPATH_SEARCH_PATHS = (
					"$(inherited)",
					"@executable_path/../Frameworks",
				);
				MARKETING_VERSION = 1.0;
				PRODUCT_BUNDLE_IDENTIFIER = com.andreasklumpp.Lens;
				PRODUCT_NAME = "$(TARGET_NAME)";
				RUNTIME_EXCEPTION_ALLOW_DYLD_ENVIRONMENT_VARIABLES = NO;
				RUNTIME_EXCEPTION_ALLOW_JIT = NO;
				RUNTIME_EXCEPTION_ALLOW_UNSIGNED_EXECUTABLE_MEMORY = NO;
				RUNTIME_EXCEPTION_DEBUGGING_TOOL = NO;
				RUNTIME_EXCEPTION_DISABLE_EXECUTABLE_PAGE_PROTECTION = NO;
				RUNTIME_EXCEPTION_DISABLE_LIBRARY_VALIDATION = NO;
				SWIFT_EMIT_LOC_STRINGS = YES;
				SWIFT_VERSION = 5.0;
			};
			name = Release;
		};
/* End XCBuildConfiguration section */

/* Begin XCConfigurationList section */
		BB600000000000000000005A /* Build configuration list for PBXProject "Lens" */ = {
			isa = XCConfigurationList;
			buildConfigurations = (
				BB600000000000000000001A /* Debug */,
				BB600000000000000000002A /* Release */,
			);
			defaultConfigurationIsVisible = 0;
			defaultConfigurationName = Release;
		};
		BB600000000000000000006A /* Build configuration list for PBXNativeTarget "Lens" */ = {
			isa = XCConfigurationList;
			buildConfigurations = (
				BB600000000000000000003A /* Debug */,
				BB600000000000000000004A /* Release */,
			);
			defaultConfigurationIsVisible = 0;
			defaultConfigurationName = Release;
		};
/* End XCConfigurationList section */

/* Begin XCRemoteSwiftPackageReference section */
		BB700000000000000000001A /* XCRemoteSwiftPackageReference "swift-composable-architecture" */ = {
			isa = XCRemoteSwiftPackageReference;
			repositoryURL = "https://github.com/pointfreeco/swift-composable-architecture";
			requirement = {
				kind = upToNextMajorVersion;
				minimumVersion = 1.0.0;
			};
		};
/* End XCRemoteSwiftPackageReference section */

/* Begin XCSwiftPackageProductDependency section */
		BB700000000000000000002A /* ComposableArchitecture */ = {
			isa = XCSwiftPackageProductDependency;
			package = BB700000000000000000001A /* XCRemoteSwiftPackageReference "swift-composable-architecture" */;
			productName = ComposableArchitecture;
		};
/* End XCSwiftPackageProductDependency section */
	};
	rootObject = BB000000000000000000001A /* Project object */;
}
